version = 1
revision = 3
requires-python = ">=3.14"

[[package]]
name = "brotli"
version = "1.2.0"
source = { registry = "https://pypi.org/simple" }
sdist = { url = "https://files.pythonhosted.org/packages/f7/16/c92ca344d646e71a43b8bb353f0a6490d7f6e06210f8554c8f874e454285/brotli-1.2.0.tar.gz", hash = "sha256:e310f77e41941c13340a95976fe66a8a95b01e783d430eeaf7a2f87e0a57dd0a", size = 7388632, upload-time = "2025-11-05T18:39:42.86Z" }
wheels = [
    { url = "https://files.pythonhosted.org/packages/17/e1/298c2ddf786bb7347a1cd71d63a347a79e5712a7c0cba9e3c3458ebd976f/brotli-1.2.0-cp314-cp314-macosx_10_15_universal2.whl", hash = "sha256:6c12dad5cd04530323e723787ff762bac749a7b256a5bece32b2243dd5c27b21", size = 863080, upload-time = "2025-11-05T18:38:45.503Z" },
    { url = "https://files.pythonhosted.org/packages/84/0c/aac98e286ba66868b2b3b50338ffbd85a35c7122e9531a73a37a29763d38/brotli-1.2.0-cp314-cp314-macosx_10_15_x86_64.whl", hash = "sha256:3219bd9e69868e57183316ee19c84e03e8f8b5a1d1f2667e1aa8c2f91cb061ac", size = 445453, upload-time = "2025-11-05T18:38:46.433Z" },
    { url = "https://files.pythonhosted.org/packages/ec/f1/0ca1f3f99ae300372635ab3fe2f7a79fa335fee3d874fa7f9e68575e0e62/brotli-1.2.0-cp314-cp314-manylinux2014_aarch64.manylinux_2_17_aarch64.manylinux_2_28_aarch64.whl", hash = "sha256:963a08f3bebd8b75ac57661045402da15991468a621f014be54e50f53a58d19e", size = 1528168, upload-time = "2025-11-05T18:38:47.371Z" },
    { url = "https://files.pythonhosted.org/packages/d6/a6/2ebfc8f766d46df8d3e65b880a2e220732395e6d7dc312c1e1244b0f074a/brotli-1.2.0-cp314-cp314-manylinux2014_ppc64le.manylinux_2_17_ppc64le.manylinux_2_28_ppc64le.whl", hash = "sha256:9322b9f8656782414b37e6af884146869d46ab85158201d82bab9abbcb971dc7", size = 1627098, upload-time = "2025-11-05T18:38:48.385Z" },
    { url = "https://files.pythonhosted.org/packages/f3/2f/0976d5b097ff8a22163b10617f76b2557f15f0f39d6a0fe1f02b1a53e92b/brotli-1.2.0-cp314-cp314-manylinux2014_x86_64.manylinux_2_17_x86_64.whl", hash = "sha256:cf9cba6f5b78a2071ec6fb1e7bd39acf35071d90a81231d67e92d637776a6a63", size = 1419861, upload-time = "2025-11-05T18:38:49.372Z" },
    { url = "https://files.pythonhosted.org/packages/9c/97/d76df7176a2ce7616ff94c1fb72d307c9a30d2189fe877f3dd99af00ea5a/brotli-1.2.0-cp314-cp314-musllinux_1_2_aarch64.whl", hash = "sha256:7547369c4392b47d30a3467fe8c3330b4f2e0f7730e45e3103d7d636678a808b", size = 1484594, upload-time = "2025-11-05T18:38:50.655Z" },
    { url = "https://files.pythonhosted.org/packages/d3/93/14cf0b1216f43df5609f5b272050b0abd219e0b54ea80b47cef9867b45e7/brotli-1.2.0-cp314-cp314-musllinux_1_2_ppc64le.whl", hash = "sha256:fc1530af5c3c275b8524f2e24841cbe2599d74462455e9bae5109e9ff42e9361", size = 1593455, upload-time = "2025-11-05T18:38:51.624Z" },
    { url = "https://files.pythonhosted.org/packages/b3/73/3183c9e41ca755713bdf2cc1d0810df742c09484e2e1ddd693bee53877c1/brotli-1.2.0-cp314-cp314-musllinux_1_2_x86_64.whl", hash = "sha256:d2d085ded05278d1c7f65560aae97b3160aeb2ea2c0b3e26204856beccb60888", size = 1488164, upload-time = "2025-11-05T18:38:53.079Z" },
    { url = "https://files.pythonhosted.org/packages/64/6a/0c78d8f3a582859236482fd9fa86a65a60328a00983006bcf6d83b7b2253/brotli-1.2.0-cp314-cp314-win32.whl", hash = "sha256:832c115a020e463c2f67664560449a7bea26b0c1fdd690352addad6d0a08714d", size = 339280, upload-time = "2025-11-05T18:38:54.02Z" },
    { url = "https://files.pythonhosted.org/packages/f5/10/56978295c14794b2c12007b07f3e41ba26acda9257457d7085b0bb3bb90c/brotli-1.2.0-cp314-cp314-win_amd64.whl", hash = "sha256:e7c0af964e0b4e3412a0ebf341ea26ec767fa0b4cf81abb5e897c9338b5ad6a3", size = 375639, upload-time = "2025-11-05T18:38:55.67Z" },
]

[[package]]
name = "brotlicffi"
version = "1.2.0.0"
source = { registry = "https://pypi.org/simple" }
dependencies = [
    { name = "cffi" },
]
sdist = { url = "https://files.pythonhosted.org/packages/84/85/57c314a6b35336efbbdc13e5fc9ae13f6b60a0647cfa7c1221178ac6d8ae/brotlicffi-1.2.0.0.tar.gz", hash = "sha256:34345d8d1f9d534fcac2249e57a4c3c8801a33c9942ff9f8574f67a175e17adb", size = 476682, upload-time = "2025-11-21T18:17:57.334Z" }
wheels = [
    { url = "https://files.pythonhosted.org/packages/e4/df/a72b284d8c7bef0ed5756b41c2eb7d0219a1dd6ac6762f1c7bdbc31ef3af/brotlicffi-1.2.0.0-cp38-abi3-macosx_11_0_arm64.whl", hash = "sha256:9458d08a7ccde8e3c0afedbf2c70a8263227a68dea5ab13590593f4c0a4fd5f4", size = 432340, upload-time = "2025-11-21T18:17:42.277Z" },
    { url = "https://files.pythonhosted.org/packages/74/2b/cc55a2d1d6fb4f5d458fba44a3d3f91fb4320aa14145799fd3a996af0686/brotlicffi-1.2.0.0-cp38-abi3-manylinux2014_aarch64.manylinux_2_17_aarch64.manylinux_2_28_aarch64.whl", hash = "sha256:84e3d0020cf1bd8b8131f4a07819edee9f283721566fe044a20ec792ca8fd8b7", size = 1534002, upload-time = "2025-11-21T18:17:43.746Z" },
    { url = "https://files.pythonhosted.org/packages/e4/9c/d51486bf366fc7d6735f0e46b5b96ca58dc005b250263525a1eea3cd5d21/brotlicffi-1.2.0.0-cp38-abi3-manylinux2014_x86_64.manylinux_2_17_x86_64.manylinux_2_28_x86_64.whl", hash = "sha256:33cfb408d0cff64cd50bef268c0fed397c46fbb53944aa37264148614a62e990", size = 1536547, upload-time = "2025-11-21T18:17:45.729Z" },
    { url = "https://files.pythonhosted.org/packages/1b/37/293a9a0a7caf17e6e657668bebb92dfe730305999fe8c0e2703b8888789c/brotlicffi-1.2.0.0-cp38-abi3-win32.whl", hash = "sha256:23e5c912fdc6fd37143203820230374d24babd078fc054e18070a647118158f6", size = 343085, upload-time = "2025-11-21T18:17:48.887Z" },
    { url = "https://files.pythonhosted.org/packages/07/6b/6e92009df3b8b7272f85a0992b306b61c34b7ea1c4776643746e61c380ac/brotlicffi-1.2.0.0-cp38-abi3-win_amd64.whl", hash = "sha256:f139a7cdfe4ae7859513067b736eb44d19fae1186f9e99370092f6915216451b", size = 378586, upload-time = "2025-11-21T18:17:50.531Z" },
]

[[package]]
name = "cffi"
version = "2.0.0"
source = { registry = "https://pypi.org/simple" }
dependencies = [
    { name = "pycparser", marker = "implementation_name != 'PyPy'" },
]
sdist = { url = "https://files.pythonhosted.org/packages/eb/56/b1ba7935a17738ae8453301356628e8147c79dbb825bcbc73dc7401f9846/cffi-2.0.0.tar.gz", hash = "sha256:44d1b5909021139fe36001ae048dbdde8214afa20200eda0f64c068cac5d5529", size = 523588, upload-time = "2025-09-08T23:24:04.541Z" }
wheels = [
    { url = "https://files.pythonhosted.org/packages/92/c4/3ce07396253a83250ee98564f8d7e9789fab8e58858f35d07a9a2c78de9f/cffi-2.0.0-cp314-cp314-macosx_10_13_x86_64.whl", hash = "sha256:fc33c5141b55ed366cfaad382df24fe7dcbc686de5be719b207bb248e3053dc5", size = 185320, upload-time = "2025-09-08T23:23:18.087Z" },
    { url = "https://files.pythonhosted.org/packages/59/dd/27e9fa567a23931c838c6b02d0764611c62290062a6d4e8ff7863daf9730/cffi-2.0.0-cp314-cp314-macosx_11_0_arm64.whl", hash = "sha256:c654de545946e0db659b3400168c9ad31b5d29593291482c43e3564effbcee13", size = 181487, upload-time = "2025-09-08T23:23:19.622Z" },
    { url = "https://files.pythonhosted.org/packages/d6/43/0e822876f87ea8a4ef95442c3d766a06a51fc5298823f884ef87aaad168c/cffi-2.0.0-cp314-cp314-manylinux2014_aarch64.manylinux_2_17_aarch64.whl", hash = "sha256:24b6f81f1983e6df8db3adc38562c83f7d4a0c36162885ec7f7b77c7dcbec97b", size = 220049, upload-time = "2025-09-08T23:23:20.853Z" },
    { url = "https://files.pythonhosted.org/packages/b4/89/76799151d9c2d2d1ead63c2429da9ea9d7aac304603de0c6e8764e6e8e70/cffi-2.0.0-cp314-cp314-manylinux2014_ppc64le.manylinux_2_17_ppc64le.whl", hash = "sha256:12873ca6cb9b0f0d3a0da705d6086fe911591737a59f28b7936bdfed27c0d47c", size = 207793, upload-time = "2025-09-08T23:23:22.08Z" },
    { url = "https://files.pythonhosted.org/packages/bb/dd/3465b14bb9e24ee24cb88c9e3730f6de63111fffe513492bf8c808a3547e/cffi-2.0.0-cp314-cp314-manylinux2014_s390x.manylinux_2_17_s390x.whl", hash = "sha256:d9b97165e8aed9272a6bb17c01e3cc5871a594a446ebedc996e2397a1c1ea8ef", size = 206300, upload-time = "2025-09-08T23:23:23.314Z" },
    { url = "https://files.pythonhosted.org/packages/47/d9/d83e293854571c877a92da46fdec39158f8d7e68da75bf73581225d28e90/cffi-2.0.0-cp314-cp314-manylinux2014_x86_64.manylinux_2_17_x86_64.whl", hash = "sha256:afb8db5439b81cf9c9d0c80404b60c3cc9c3add93e114dcae767f1477cb53775", size = 219244, upload-time = "2025-09-08T23:23:24.541Z" },
    { url = "https://files.pythonhosted.org/packages/2b/0f/1f177e3683aead2bb00f7679a16451d302c436b5cbf2505f0ea8146ef59e/cffi-2.0.0-cp314-cp314-musllinux_1_2_aarch64.whl", hash = "sha256:737fe7d37e1a1bffe70bd5754ea763a62a066dc5913ca57e957824b72a85e205", size = 222828, upload-time = "2025-09-08T23:23:26.143Z" },
    { url = "https://files.pythonhosted.org/packages/c6/0f/cafacebd4b040e3119dcb32fed8bdef8dfe94da653155f9d0b9dc660166e/cffi-2.0.0-cp314-cp314-musllinux_1_2_x86_64.whl", hash = "sha256:38100abb9d1b1435bc4cc340bb4489635dc2f0da7456590877030c9b3d40b0c1", size = 220926, upload-time = "2025-09-08T23:23:27.873Z" },
    { url = "https://files.pythonhosted.org/packages/3e/aa/df335faa45b395396fcbc03de2dfcab242cd61a9900e914fe682a59170b1/cffi-2.0.0-cp314-cp314-win32.whl", hash = "sha256:087067fa8953339c723661eda6b54bc98c5625757ea62e95eb4898ad5e776e9f", size = 175328, upload-time = "2025-09-08T23:23:44.61Z" },
    { url = "https://files.pythonhosted.org/packages/bb/92/882c2d30831744296ce713f0feb4c1cd30f346ef747b530b5318715cc367/cffi-2.0.0-cp314-cp314-win_amd64.whl", hash = "sha256:203a48d1fb583fc7d78a4c6655692963b860a417c0528492a6bc21f1aaefab25", size = 185650, upload-time = "2025-09-08T23:23:45.848Z" },
    { url = "https://files.pythonhosted.org/packages/9f/2c/98ece204b9d35a7366b5b2c6539c350313ca13932143e79dc133ba757104/cffi-2.0.0-cp314-cp314-win_arm64.whl", hash = "sha256:dbd5c7a25a7cb98f5ca55d258b103a2054f859a46ae11aaf23134f9cc0d356ad", size = 180687, upload-time = "2025-09-08T23:23:47.105Z" },
    { url = "https://files.pythonhosted.org/packages/3e/61/c768e4d548bfa607abcda77423448df8c471f25dbe64fb2ef6d555eae006/cffi-2.0.0-cp314-cp314t-macosx_10_13_x86_64.whl", hash = "sha256:9a67fc9e8eb39039280526379fb3a70023d77caec1852002b4da7e8b270c4dd9", size = 188773, upload-time = "2025-09-08T23:23:29.347Z" },
    { url = "https://files.pythonhosted.org/packages/2c/ea/5f76bce7cf6fcd0ab1a1058b5af899bfbef198bea4d5686da88471ea0336/cffi-2.0.0-cp314-cp314t-macosx_11_0_arm64.whl", hash = "sha256:7a66c7204d8869299919db4d5069a82f1561581af12b11b3c9f48c584eb8743d", size = 185013, upload-time = "2025-09-08T23:23:30.63Z" },
    { url = "https://files.pythonhosted.org/packages/be/b4/c56878d0d1755cf9caa54ba71e5d049479c52f9e4afc230f06822162ab2f/cffi-2.0.0-cp314-cp314t-manylinux2014_aarch64.manylinux_2_17_aarch64.whl", hash = "sha256:7cc09976e8b56f8cebd752f7113ad07752461f48a58cbba644139015ac24954c", size = 221593, upload-time = "2025-09-08T23:23:31.91Z" },
    { url = "https://files.pythonhosted.org/packages/e0/0d/eb704606dfe8033e7128df5e90fee946bbcb64a04fcdaa97321309004000/cffi-2.0.0-cp314-cp314t-manylinux2014_ppc64le.manylinux_2_17_ppc64le.whl", hash = "sha256:92b68146a71df78564e4ef48af17551a5ddd142e5190cdf2c5624d0c3ff5b2e8", size = 209354, upload-time = "2025-09-08T23:23:33.214Z" },
    { url = "https://files.pythonhosted.org/packages/d8/19/3c435d727b368ca475fb8742ab97c9cb13a0de600ce86f62eab7fa3eea60/cffi-2.0.0-cp314-cp314t-manylinux2014_s390x.manylinux_2_17_s390x.whl", hash = "sha256:b1e74d11748e7e98e2f426ab176d4ed720a64412b6a15054378afdb71e0f37dc", size = 208480, upload-time = "2025-09-08T23:23:34.495Z" },
    { url = "https://files.pythonhosted.org/packages/d0/44/681604464ed9541673e486521497406fadcc15b5217c3e326b061696899a/cffi-2.0.0-cp314-cp314t-manylinux2014_x86_64.manylinux_2_17_x86_64.whl", hash = "sha256:28a3a209b96630bca57cce802da70c266eb08c6e97e5afd61a75611ee6c64592", size = 221584, upload-time = "2025-09-08T23:23:36.096Z" },
    { url = "https://files.pythonhosted.org/packages/25/8e/342a504ff018a2825d395d44d63a767dd8ebc927ebda557fecdaca3ac33a/cffi-2.0.0-cp314-cp314t-musllinux_1_2_aarch64.whl", hash = "sha256:7553fb2090d71822f02c629afe6042c299edf91ba1bf94951165613553984512", size = 224443, upload-time = "2025-09-08T23:23:37.328Z" },
    { url = "https://files.pythonhosted.org/packages/e1/5e/b666bacbbc60fbf415ba9988324a132c9a7a0448a9a8f125074671c0f2c3/cffi-2.0.0-cp314-cp314t-musllinux_1_2_x86_64.whl", hash = "sha256:6c6c373cfc5c83a975506110d17457138c8c63016b563cc9ed6e056a82f13ce4", size = 223437, upload-time = "2025-09-08T23:23:38.945Z" },
    { url = "https://files.pythonhosted.org/packages/a0/1d/ec1a60bd1a10daa292d3cd6bb0b359a81607154fb8165f3ec95fe003b85c/cffi-2.0.0-cp314-cp314t-win32.whl", hash = "sha256:1fc9ea04857caf665289b7a75923f2c6ed559b8298a1b8c49e59f7dd95c8481e", size = 180487, upload-time = "2025-09-08T23:23:40.423Z" },
    { url = "https://files.pythonhosted.org/packages/bf/41/4c1168c74fac325c0c8156f04b6749c8b6a8f405bbf91413ba088359f60d/cffi-2.0.0-cp314-cp314t-win_amd64.whl", hash = "sha256:d68b6cef7827e8641e8ef16f4494edda8b36104d79773a334beaa1e3521430f6", size = 191726, upload-time = "2025-09-08T23:23:41.742Z" },
    { url = "https://files.pythonhosted.org/packages/ae/3a/dbeec9d1ee0844c679f6bb5d6ad4e9f198b1224f4e7a32825f47f6192b0c/cffi-2.0.0-cp314-cp314t-win_arm64.whl", hash = "sha256:0a1527a803f0a659de1af2e1fd700213caba79377e27e4693648c2923da066f9", size = 184195, upload-time = "2025-09-08T23:23:43.004Z" },
]

[[package]]
name = "cssselect2"
version = "0.9.0"
source = { registry = "https://pypi.org/simple" }
dependencies = [
    { name = "tinycss2" },
    { name = "webencodings" },
]
sdist = { url = "https://files.pythonhosted.org/packages/e0/20/92eaa6b0aec7189fa4b75c890640e076e9e793095721db69c5c81142c2e1/cssselect2-0.9.0.tar.gz", hash = "sha256:759aa22c216326356f65e62e791d66160a0f9c91d1424e8d8adc5e74dddfc6fb", size = 35595, upload-time = "2026-02-12T17:16:39.614Z" }
wheels = [
    { url = "https://files.pythonhosted.org/packages/21/0e/8459ca4413e1a21a06c97d134bfaf18adfd27cea068813dc0faae06cbf00/cssselect2-0.9.0-py3-none-any.whl", hash = "sha256:6a99e5f91f9a016a304dd929b0966ca464bcfda15177b6fb4a118fc0fb5d9563", size = 15453, upload-time = "2026-02-12T17:16:38.317Z" },
]

[[package]]
name = "fonttools"
version = "4.61.1"
source = { registry = "https://pypi.org/simple" }
sdist = { url = "https://files.pythonhosted.org/packages/ec/ca/cf17b88a8df95691275a3d77dc0a5ad9907f328ae53acbe6795da1b2f5ed/fonttools-4.61.1.tar.gz", hash = "sha256:6675329885c44657f826ef01d9e4fb33b9158e9d93c537d84ad8399539bc6f69", size = 3565756, upload-time = "2025-12-12T17:31:24.246Z" }
wheels = [
    { url = "https://files.pythonhosted.org/packages/32/8f/4e7bf82c0cbb738d3c2206c920ca34ca74ef9dabde779030145d28665104/fonttools-4.61.1-cp314-cp314-macosx_10_15_universal2.whl", hash = "sha256:fff4f534200a04b4a36e7ae3cb74493afe807b517a09e99cb4faa89a34ed6ecd", size = 2846094, upload-time = "2025-12-12T17:30:43.511Z" },
    { url = "https://files.pythonhosted.org/packages/71/09/d44e45d0a4f3a651f23a1e9d42de43bc643cce2971b19e784cc67d823676/fonttools-4.61.1-cp314-cp314-macosx_10_15_x86_64.whl", hash = "sha256:d9203500f7c63545b4ce3799319fe4d9feb1a1b89b28d3cb5abd11b9dd64147e", size = 2396589, upload-time = "2025-12-12T17:30:45.681Z" },
    { url = "https://files.pythonhosted.org/packages/89/18/58c64cafcf8eb677a99ef593121f719e6dcbdb7d1c594ae5a10d4997ca8a/fonttools-4.61.1-cp314-cp314-manylinux1_x86_64.manylinux2014_x86_64.manylinux_2_17_x86_64.manylinux_2_5_x86_64.whl", hash = "sha256:fa646ecec9528bef693415c79a86e733c70a4965dd938e9a226b0fc64c9d2e6c", size = 4877892, upload-time = "2025-12-12T17:30:47.709Z" },
    { url = "https://files.pythonhosted.org/packages/8a/ec/9e6b38c7ba1e09eb51db849d5450f4c05b7e78481f662c3b79dbde6f3d04/fonttools-4.61.1-cp314-cp314-manylinux2014_aarch64.manylinux_2_17_aarch64.manylinux_2_28_aarch64.whl", hash = "sha256:11f35ad7805edba3aac1a3710d104592df59f4b957e30108ae0ba6c10b11dd75", size = 4972884, upload-time = "2025-12-12T17:30:49.656Z" },
    { url = "https://files.pythonhosted.org/packages/5e/87/b5339da8e0256734ba0dbbf5b6cdebb1dd79b01dc8c270989b7bcd465541/fonttools-4.61.1-cp314-cp314-musllinux_1_2_aarch64.whl", hash = "sha256:b931ae8f62db78861b0ff1ac017851764602288575d65b8e8ff1963fed419063", size = 4924405, upload-time = "2025-12-12T17:30:51.735Z" },
    { url = "https://files.pythonhosted.org/packages/0b/47/e3409f1e1e69c073a3a6fd8cb886eb18c0bae0ee13db2c8d5e7f8495e8b7/fonttools-4.61.1-cp314-cp314-musllinux_1_2_x86_64.whl", hash = "sha256:b148b56f5de675ee16d45e769e69f87623a4944f7443850bf9a9376e628a89d2", size = 5035553, upload-time = "2025-12-12T17:30:54.823Z" },
    { url = "https://files.pythonhosted.org/packages/bf/b6/1f6600161b1073a984294c6c031e1a56ebf95b6164249eecf30012bb2e38/fonttools-4.61.1-cp314-cp314-win32.whl", hash = "sha256:9b666a475a65f4e839d3d10473fad6d47e0a9db14a2f4a224029c5bfde58ad2c", size = 2271915, upload-time = "2025-12-12T17:30:57.913Z" },
    { url = "https://files.pythonhosted.org/packages/52/7b/91e7b01e37cc8eb0e1f770d08305b3655e4f002fc160fb82b3390eabacf5/fonttools-4.61.1-cp314-cp314-win_amd64.whl", hash = "sha256:4f5686e1fe5fce75d82d93c47a438a25bf0d1319d2843a926f741140b2b16e0c", size = 2323487, upload-time = "2025-12-12T17:30:59.804Z" },
    { url = "https://files.pythonhosted.org/packages/39/5c/908ad78e46c61c3e3ed70c3b58ff82ab48437faf84ec84f109592cabbd9f/fonttools-4.61.1-cp314-cp314t-macosx_10_15_universal2.whl", hash = "sha256:e76ce097e3c57c4bcb67c5aa24a0ecdbd9f74ea9219997a707a4061fbe2707aa", size = 2929571, upload-time = "2025-12-12T17:31:02.574Z" },
    { url = "https://files.pythonhosted.org/packages/bd/41/975804132c6dea64cdbfbaa59f3518a21c137a10cccf962805b301ac6ab2/fonttools-4.61.1-cp314-cp314t-macosx_10_15_x86_64.whl", hash = "sha256:9cfef3ab326780c04d6646f68d4b4742aae222e8b8ea1d627c74e38afcbc9d91", size = 2435317, upload-time = "2025-12-12T17:31:04.974Z" },
    { url = "https://files.pythonhosted.org/packages/b0/5a/aef2a0a8daf1ebaae4cfd83f84186d4a72ee08fd6a8451289fcd03ffa8a4/fonttools-4.61.1-cp314-cp314t-manylinux1_x86_64.manylinux2014_x86_64.manylinux_2_17_x86_64.manylinux_2_5_x86_64.whl", hash = "sha256:a75c301f96db737e1c5ed5fd7d77d9c34466de16095a266509e13da09751bd19", size = 4882124, upload-time = "2025-12-12T17:31:07.456Z" },
    { url = "https://files.pythonhosted.org/packages/80/33/d6db3485b645b81cea538c9d1c9219d5805f0877fda18777add4671c5240/fonttools-4.61.1-cp314-cp314t-manylinux2014_aarch64.manylinux_2_17_aarch64.manylinux_2_28_aarch64.whl", hash = "sha256:91669ccac46bbc1d09e9273546181919064e8df73488ea087dcac3e2968df9ba", size = 5100391, upload-time = "2025-12-12T17:31:09.732Z" },
    { url = "https://files.pythonhosted.org/packages/6c/d6/675ba631454043c75fcf76f0ca5463eac8eb0666ea1d7badae5fea001155/fonttools-4.61.1-cp314-cp314t-musllinux_1_2_aarch64.whl", hash = "sha256:c33ab3ca9d3ccd581d58e989d67554e42d8d4ded94ab3ade3508455fe70e65f7", size = 4978800, upload-time = "2025-12-12T17:31:11.681Z" },
    { url = "https://files.pythonhosted.org/packages/7f/33/d3ec753d547a8d2bdaedd390d4a814e8d5b45a093d558f025c6b990b554c/fonttools-4.61.1-cp314-cp314t-musllinux_1_2_x86_64.whl", hash = "sha256:664c5a68ec406f6b1547946683008576ef8b38275608e1cee6c061828171c118", size = 5006426, upload-time = "2025-12-12T17:31:13.764Z" },
    { url = "https://files.pythonhosted.org/packages/b4/40/cc11f378b561a67bea850ab50063366a0d1dd3f6d0a30ce0f874b0ad5664/fonttools-4.61.1-cp314-cp314t-win32.whl", hash = "sha256:aed04cabe26f30c1647ef0e8fbb207516fd40fe9472e9439695f5c6998e60ac5", size = 2335377, upload-time = "2025-12-12T17:31:16.49Z" },
    { url = "https://files.pythonhosted.org/packages/e4/ff/c9a2b66b39f8628531ea58b320d66d951267c98c6a38684daa8f50fb02f8/fonttools-4.61.1-cp314-cp314t-win_amd64.whl", hash = "sha256:2180f14c141d2f0f3da43f3a81bc8aa4684860f6b0e6f9e165a4831f24e6a23b", size = 2400613, upload-time = "2025-12-12T17:31:18.769Z" },
    { url = "https://files.pythonhosted.org/packages/c7/4e/ce75a57ff3aebf6fc1f4e9d508b8e5810618a33d900ad6c19eb30b290b97/fonttools-4.61.1-py3-none-any.whl", hash = "sha256:17d2bf5d541add43822bcf0c43d7d847b160c9bb01d15d5007d84e2217aaa371", size = 1148996, upload-time = "2025-12-12T17:31:21.03Z" },
]

[package.optional-dependencies]
woff = [
    { name = "brotli", marker = "platform_python_implementation == 'CPython'" },
    { name = "brotlicffi", marker = "platform_python_implementation != 'CPython'" },
    { name = "zopfli" },
]

[[package]]
name = "jinja2"
version = "3.1.6"
source = { registry = "https://pypi.org/simple" }
dependencies = [
    { name = "markupsafe" },
]
sdist = { url = "https://files.pythonhosted.org/packages/df/bf/f7da0350254c0ed7c72f3e33cef02e048281fec7ecec5f032d4aac52226b/jinja2-3.1.6.tar.gz", hash = "sha256:0137fb05990d35f1275a587e9aee6d56da821fc83491a0fb838183be43f66d6d", size = 245115, upload-time = "2025-03-05T20:05:02.478Z" }
wheels = [
    { url = "https://files.pythonhosted.org/packages/62/a1/3d680cbfd5f4b8f15abc1d571870c5fc3e594bb582bc3b64ea099db13e56/jinja2-3.1.6-py3-none-any.whl", hash = "sha256:85ece4451f492d0c13c5dd7c13a64681a86afae63a5f347908daf103ce6d2f67", size = 134899, upload-time = "2025-03-05T20:05:00.369Z" },
]

[[package]]
name = "latex-batching"
version = "0.1.0"
source = { virtual = "." }
dependencies = [
    { name = "jinja2" },
    { name = "weasyprint" },
]

[package.metadata]
requires-dist = [
    { name = "jinja2", specifier = ">=3.1.6" },
    { name = "weasyprint", specifier = ">=68.1" },
]

[[package]]
name = "markupsafe"
version = "3.0.3"
source = { registry = "https://pypi.org/simple" }
sdist = { url = "https://files.pythonhosted.org/packages/7e/99/7690b6d4034fffd95959cbe0c02de8deb3098cc577c67bb6a24fe5d7caa7/markupsafe-3.0.3.tar.gz", hash = "sha256:722695808f4b6457b320fdc131280796bdceb04ab50fe1795cd540799ebe1698", size = 80313, upload-time = "2025-09-27T18:37:40.426Z" }
wheels = [
    { url = "https://files.pythonhosted.org/packages/33/8a/8e42d4838cd89b7dde187011e97fe6c3af66d8c044997d2183fbd6d31352/markupsafe-3.0.3-cp314-cp314-macosx_10_13_x86_64.whl", hash = "sha256:eaa9599de571d72e2daf60164784109f19978b327a3910d3e9de8c97b5b70cfe", size = 11619, upload-time = "2025-09-27T18:37:06.342Z" },
    { url = "https://files.pythonhosted.org/packages/b5/64/7660f8a4a8e53c924d0fa05dc3a55c9cee10bbd82b11c5afb27d44b096ce/markupsafe-3.0.3-cp314-cp314-macosx_11_0_arm64.whl", hash = "sha256:c47a551199eb8eb2121d4f0f15ae0f923d31350ab9280078d1e5f12b249e0026", size = 12029, upload-time = "2025-09-27T18:37:07.213Z" },
    { url = "https://files.pythonhosted.org/packages/da/ef/e648bfd021127bef5fa12e1720ffed0c6cbb8310c8d9bea7266337ff06de/markupsafe-3.0.3-cp314-cp314-manylinux2014_aarch64.manylinux_2_17_aarch64.manylinux_2_28_aarch64.whl", hash = "sha256:f34c41761022dd093b4b6896d4810782ffbabe30f2d443ff5f083e0cbbb8c737", size = 24408, upload-time = "2025-09-27T18:37:09.572Z" },
    { url = "https://files.pythonhosted.org/packages/41/3c/a36c2450754618e62008bf7435ccb0f88053e07592e6028a34776213d877/markupsafe-3.0.3-cp314-cp314-manylinux2014_x86_64.manylinux_2_17_x86_64.manylinux_2_28_x86_64.whl", hash = "sha256:457a69a9577064c05a97c41f4e65148652db078a3a509039e64d3467b9e7ef97", size = 23005, upload-time = "2025-09-27T18:37:10.58Z" },
    { url = "https://files.pythonhosted.org/packages/bc/20/b7fdf89a8456b099837cd1dc21974632a02a999ec9bf7ca3e490aacd98e7/markupsafe-3.0.3-cp314-cp314-manylinux_2_31_riscv64.manylinux_2_39_riscv64.whl", hash = "sha256:e8afc3f2ccfa24215f8cb28dcf43f0113ac3c37c2f0f0806d8c70e4228c5cf4d", size = 22048, upload-time = "2025-09-27T18:37:11.547Z" },
    { url = "https://files.pythonhosted.org/packages/9a/a7/591f592afdc734f47db08a75793a55d7fbcc6902a723ae4cfbab61010cc5/markupsafe-3.0.3-cp314-cp314-musllinux_1_2_aarch64.whl", hash = "sha256:ec15a59cf5af7be74194f7ab02d0f59a62bdcf1a537677ce67a2537c9b87fcda", size = 23821, upload-time = "2025-09-27T18:37:12.48Z" },
    { url = "https://files.pythonhosted.org/packages/7d/33/45b24e4f44195b26521bc6f1a82197118f74df348556594bd2262bda1038/markupsafe-3.0.3-cp314-cp314-musllinux_1_2_riscv64.whl", hash = "sha256:0eb9ff8191e8498cca014656ae6b8d61f39da5f95b488805da4bb029cccbfbaf", size = 21606, upload-time = "2025-09-27T18:37:13.485Z" },
    { url = "https://files.pythonhosted.org/packages/ff/0e/53dfaca23a69fbfbbf17a4b64072090e70717344c52eaaaa9c5ddff1e5f0/markupsafe-3.0.3-cp314-cp314-musllinux_1_2_x86_64.whl", hash = "sha256:2713baf880df847f2bece4230d4d094280f4e67b1e813eec43b4c0e144a34ffe", size = 23043, upload-time = "2025-09-27T18:37:14.408Z" },
    { url = "https://files.pythonhosted.org/packages/46/11/f333a06fc16236d5238bfe74daccbca41459dcd8d1fa952e8fbd5dccfb70/markupsafe-3.0.3-cp314-cp314-win32.whl", hash = "sha256:729586769a26dbceff69f7a7dbbf59ab6572b99d94576a5592625d5b411576b9", size = 14747, upload-time = "2025-09-27T18:37:15.36Z" },
    { url = "https://files.pythonhosted.org/packages/28/52/182836104b33b444e400b14f797212f720cbc9ed6ba34c800639d154e821/markupsafe-3.0.3-cp314-cp314-win_amd64.whl", hash = "sha256:bdc919ead48f234740ad807933cdf545180bfbe9342c2bb451556db2ed958581", size = 15341, upload-time = "2025-09-27T18:37:16.496Z" },
    { url = "https://files.pythonhosted.org/packages/6f/18/acf23e91bd94fd7b3031558b1f013adfa21a8e407a3fdb32745538730382/markupsafe-3.0.3-cp314-cp314-win_arm64.whl", hash = "sha256:5a7d5dc5140555cf21a6fefbdbf8723f06fcd2f63ef108f2854de715e4422cb4", size = 14073, upload-time = "2025-09-27T18:37:17.476Z" },
    { url = "https://files.pythonhosted.org/packages/3c/f0/57689aa4076e1b43b15fdfa646b04653969d50cf30c32a102762be2485da/markupsafe-3.0.3-cp314-cp314t-macosx_10_13_x86_64.whl", hash = "sha256:1353ef0c1b138e1907ae78e2f6c63ff67501122006b0f9abad68fda5f4ffc6ab", size = 11661, upload-time = "2025-09-27T18:37:18.453Z" },
    { url = "https://files.pythonhosted.org/packages/89/c3/2e67a7ca217c6912985ec766c6393b636fb0c2344443ff9d91404dc4c79f/markupsafe-3.0.3-cp314-cp314t-macosx_11_0_arm64.whl", hash = "sha256:1085e7fbddd3be5f89cc898938f42c0b3c711fdcb37d75221de2666af647c175", size = 12069, upload-time = "2025-09-27T18:37:19.332Z" },
    { url = "https://files.pythonhosted.org/packages/f0/00/be561dce4e6ca66b15276e184ce4b8aec61fe83662cce2f7d72bd3249d28/markupsafe-3.0.3-cp314-cp314t-manylinux2014_aarch64.manylinux_2_17_aarch64.manylinux_2_28_aarch64.whl", hash = "sha256:1b52b4fb9df4eb9ae465f8d0c228a00624de2334f216f178a995ccdcf82c4634", size = 25670, upload-time = "2025-09-27T18:37:20.245Z" },
    { url = "https://files.pythonhosted.org/packages/50/09/c419f6f5a92e5fadde27efd190eca90f05e1261b10dbd8cbcb39cd8ea1dc/markupsafe-3.0.3-cp314-cp314t-manylinux2014_x86_64.manylinux_2_17_x86_64.manylinux_2_28_x86_64.whl", hash = "sha256:fed51ac40f757d41b7c48425901843666a6677e3e8eb0abcff09e4ba6e664f50", size = 23598, upload-time = "2025-09-27T18:37:21.177Z" },
    { url = "https://files.pythonhosted.org/packages/22/44/a0681611106e0b2921b3033fc19bc53323e0b50bc70cffdd19f7d679bb66/markupsafe-3.0.3-cp314-cp314t-manylinux_2_31_riscv64.manylinux_2_39_riscv64.whl", hash = "sha256:f190daf01f13c72eac4efd5c430a8de82489d9cff23c364c3ea822545032993e", size = 23261, upload-time = "2025-09-27T18:37:22.167Z" },
    { url = "https://files.pythonhosted.org/packages/5f/57/1b0b3f100259dc9fffe780cfb60d4be71375510e435efec3d116b6436d43/markupsafe-3.0.3-cp314-cp314t-musllinux_1_2_aarch64.whl", hash = "sha256:e56b7d45a839a697b5eb268c82a71bd8c7f6c94d6fd50c3d577fa39a9f1409f5", size = 24835, upload-time = "2025-09-27T18:37:23.296Z" },
    { url = "https://files.pythonhosted.org/packages/26/6a/4bf6d0c97c4920f1597cc14dd720705eca0bf7c787aebc6bb4d1bead5388/markupsafe-3.0.3-cp314-cp314t-musllinux_1_2_riscv64.whl", hash = "sha256:f3e98bb3798ead92273dc0e5fd0f31ade220f59a266ffd8a4f6065e0a3ce0523", size = 22733, upload-time = "2025-09-27T18:37:24.237Z" },
    { url = "https://files.pythonhosted.org/packages/14/c7/ca723101509b518797fedc2fdf79ba57f886b4aca8a7d31857ba3ee8281f/markupsafe-3.0.3-cp314-cp314t-musllinux_1_2_x86_64.whl", hash = "sha256:5678211cb9333a6468fb8d8be0305520aa073f50d17f089b5b4b477ea6e67fdc", size = 23672, upload-time = "2025-09-27T18:37:25.271Z" },
    { url = "https://files.pythonhosted.org/packages/fb/df/5bd7a48c256faecd1d36edc13133e51397e41b73bb77e1a69deab746ebac/markupsafe-3.0.3-cp314-cp314t-win32.whl", hash = "sha256:915c04ba3851909ce68ccc2b8e2cd691618c4dc4c4232fb7982bca3f41fd8c3d", size = 14819, upload-time = "2025-09-27T18:37:26.285Z" },
    { url = "https://files.pythonhosted.org/packages/1a/8a/0402ba61a2f16038b48b39bccca271134be00c5c9f0f623208399333c448/markupsafe-3.0.3-cp314-cp314t-win_amd64.whl", hash = "sha256:4faffd047e07c38848ce017e8725090413cd80cbc23d86e55c587bf979e579c9", size = 15426, upload-time = "2025-09-27T18:37:27.316Z" },
    { url = "https://files.pythonhosted.org/packages/70/bc/6f1c2f612465f5fa89b95bead1f44dcb607670fd42891d8fdcd5d039f4f4/markupsafe-3.0.3-cp314-cp314t-win_arm64.whl", hash = "sha256:32001d6a8fc98c8cb5c947787c5d08b0a50663d139f1305bac5885d98d9b40fa", size = 14146, upload-time = "2025-09-27T18:37:28.327Z" },
]

[[package]]
name = "pillow"
version = "12.1.1"
source = { registry = "https://pypi.org/simple" }
sdist = { url = "https://files.pythonhosted.org/packages/1f/42/5c74462b4fd957fcd7b13b04fb3205ff8349236ea74c7c375766d6c82288/pillow-12.1.1.tar.gz", hash = "sha256:9ad8fa5937ab05218e2b6a4cff30295ad35afd2f83ac592e68c0d871bb0fdbc4", size = 46980264, upload-time = "2026-02-11T04:23:07.146Z" }
wheels = [
    { url = "https://files.pythonhosted.org/packages/03/d0/bebb3ffbf31c5a8e97241476c4cf8b9828954693ce6744b4a2326af3e16b/pillow-12.1.1-cp314-cp314-ios_13_0_arm64_iphoneos.whl", hash = "sha256:417423db963cb4be8bac3fc1204fe61610f6abeed1580a7a2cbb2fbda20f12af", size = 4062652, upload-time = "2026-02-11T04:21:53.19Z" },
    { url = "https://files.pythonhosted.org/packages/2d/c0/0e16fb0addda4851445c28f8350d8c512f09de27bbb0d6d0bbf8b6709605/pillow-12.1.1-cp314-cp314-ios_13_0_arm64_iphonesimulator.whl", hash = "sha256:b957b71c6b2387610f556a7eb0828afbe40b4a98036fc0d2acfa5a44a0c2036f", size = 4138823, upload-time = "2026-02-11T04:22:03.088Z" },
    { url = "https://files.pythonhosted.org/packages/6b/fb/6170ec655d6f6bb6630a013dd7cf7bc218423d7b5fa9071bf63dc32175ae/pillow-12.1.1-cp314-cp314-ios_13_0_x86_64_iphonesimulator.whl", hash = "sha256:097690ba1f2efdeb165a20469d59d8bb03c55fb6621eb2041a060ae8ea3e9642", size = 3601143, upload-time = "2026-02-11T04:22:04.909Z" },
    { url = "https://files.pythonhosted.org/packages/59/04/dc5c3f297510ba9a6837cbb318b87dd2b8f73eb41a43cc63767f65cb599c/pillow-12.1.1-cp314-cp314-macosx_10_15_x86_64.whl", hash = "sha256:2815a87ab27848db0321fb78c7f0b2c8649dee134b7f2b80c6a45c6831d75ccd", size = 5266254, upload-time = "2026-02-11T04:22:07.656Z" },
    { url = "https://files.pythonhosted.org/packages/05/30/5db1236b0d6313f03ebf97f5e17cda9ca060f524b2fcc875149a8360b21c/pillow-12.1.1-cp314-cp314-macosx_11_0_arm64.whl", hash = "sha256:f7ed2c6543bad5a7d5530eb9e78c53132f93dfa44a28492db88b41cdab885202", size = 4657499, upload-time = "2026-02-11T04:22:09.613Z" },
    { url = "https://files.pythonhosted.org/packages/6f/18/008d2ca0eb612e81968e8be0bbae5051efba24d52debf930126d7eaacbba/pillow-12.1.1-cp314-cp314-manylinux2014_aarch64.manylinux_2_17_aarch64.whl", hash = "sha256:652a2c9ccfb556235b2b501a3a7cf3742148cd22e04b5625c5fe057ea3e3191f", size = 6232137, upload-time = "2026-02-11T04:22:11.434Z" },
    { url = "https://files.pythonhosted.org/packages/70/f1/f14d5b8eeb4b2cd62b9f9f847eb6605f103df89ef619ac68f92f748614ea/pillow-12.1.1-cp314-cp314-manylinux2014_x86_64.manylinux_2_17_x86_64.whl", hash = "sha256:d6e4571eedf43af33d0fc233a382a76e849badbccdf1ac438841308652a08e1f", size = 8042721, upload-time = "2026-02-11T04:22:13.321Z" },
    { url = "https://files.pythonhosted.org/packages/5a/d6/17824509146e4babbdabf04d8171491fa9d776f7061ff6e727522df9bd03/pillow-12.1.1-cp314-cp314-manylinux_2_27_aarch64.manylinux_2_28_aarch64.whl", hash = "sha256:b574c51cf7d5d62e9be37ba446224b59a2da26dc4c1bb2ecbe936a4fb1a7cb7f", size = 6347798, upload-time = "2026-02-11T04:22:15.449Z" },
    { url = "https://files.pythonhosted.org/packages/d1/ee/c85a38a9ab92037a75615aba572c85ea51e605265036e00c5b67dfafbfe2/pillow-12.1.1-cp314-cp314-manylinux_2_27_x86_64.manylinux_2_28_x86_64.whl", hash = "sha256:a37691702ed687799de29a518d63d4682d9016932db66d4e90c345831b02fb4e", size = 7039315, upload-time = "2026-02-11T04:22:17.24Z" },
    { url = "https://files.pythonhosted.org/packages/ec/f3/bc8ccc6e08a148290d7523bde4d9a0d6c981db34631390dc6e6ec34cacf6/pillow-12.1.1-cp314-cp314-musllinux_1_2_aarch64.whl", hash = "sha256:f95c00d5d6700b2b890479664a06e754974848afaae5e21beb4d83c106923fd0", size = 6462360, upload-time = "2026-02-11T04:22:19.111Z" },
    { url = "https://files.pythonhosted.org/packages/f6/ab/69a42656adb1d0665ab051eec58a41f169ad295cf81ad45406963105408f/pillow-12.1.1-cp314-cp314-musllinux_1_2_x86_64.whl", hash = "sha256:559b38da23606e68681337ad74622c4dbba02254fc9cb4488a305dd5975c7eeb", size = 7165438, upload-time = "2026-02-11T04:22:21.041Z" },
    { url = "https://files.pythonhosted.org/packages/02/46/81f7aa8941873f0f01d4b55cc543b0a3d03ec2ee30d617a0448bf6bd6dec/pillow-12.1.1-cp314-cp314-win32.whl", hash = "sha256:03edcc34d688572014ff223c125a3f77fb08091e4607e7745002fc214070b35f", size = 6431503, upload-time = "2026-02-11T04:22:22.833Z" },
    { url = "https://files.pythonhosted.org/packages/40/72/4c245f7d1044b67affc7f134a09ea619d4895333d35322b775b928180044/pillow-12.1.1-cp314-cp314-win_amd64.whl", hash = "sha256:50480dcd74fa63b8e78235957d302d98d98d82ccbfac4c7e12108ba9ecbdba15", size = 7176748, upload-time = "2026-02-11T04:22:24.64Z" },
    { url = "https://files.pythonhosted.org/packages/e4/ad/8a87bdbe038c5c698736e3348af5c2194ffb872ea52f11894c95f9305435/pillow-12.1.1-cp314-cp314-win_arm64.whl", hash = "sha256:5cb1785d97b0c3d1d1a16bc1d710c4a0049daefc4935f3a8f31f827f4d3d2e7f", size = 2544314, upload-time = "2026-02-11T04:22:26.685Z" },
    { url = "https://files.pythonhosted.org/packages/6c/9d/efd18493f9de13b87ede7c47e69184b9e859e4427225ea962e32e56a49bc/pillow-12.1.1-cp314-cp314t-macosx_10_15_x86_64.whl", hash = "sha256:1f90cff8aa76835cba5769f0b3121a22bd4eb9e6884cfe338216e557a9a548b8", size = 5268612, upload-time = "2026-02-11T04:22:29.884Z" },
    { url = "https://files.pythonhosted.org/packages/f8/f1/4f42eb2b388eb2ffc660dcb7f7b556c1015c53ebd5f7f754965ef997585b/pillow-12.1.1-cp314-cp314t-macosx_11_0_arm64.whl", hash = "sha256:1f1be78ce9466a7ee64bfda57bdba0f7cc499d9794d518b854816c41bf0aa4e9", size = 4660567, upload-time = "2026-02-11T04:22:31.799Z" },
    { url = "https://files.pythonhosted.org/packages/01/54/df6ef130fa43e4b82e32624a7b821a2be1c5653a5fdad8469687a7db4e00/pillow-12.1.1-cp314-cp314t-manylinux2014_aarch64.manylinux_2_17_aarch64.whl", hash = "sha256:42fc1f4677106188ad9a55562bbade416f8b55456f522430fadab3cef7cd4e60", size = 6269951, upload-time = "2026-02-11T04:22:33.921Z" },
    { url = "https://files.pythonhosted.org/packages/a9/48/618752d06cc44bb4aae8ce0cd4e6426871929ed7b46215638088270d9b34/pillow-12.1.1-cp314-cp314t-manylinux2014_x86_64.manylinux_2_17_x86_64.whl", hash = "sha256:98edb152429ab62a1818039744d8fbb3ccab98a7c29fc3d5fcef158f3f1f68b7", size = 8074769, upload-time = "2026-02-11T04:22:35.877Z" },
    { url = "https://files.pythonhosted.org/packages/c3/bd/f1d71eb39a72fa088d938655afba3e00b38018d052752f435838961127d8/pillow-12.1.1-cp314-cp314t-manylinux_2_27_aarch64.manylinux_2_28_aarch64.whl", hash = "sha256:d470ab1178551dd17fdba0fef463359c41aaa613cdcd7ff8373f54be629f9f8f", size = 6381358, upload-time = "2026-02-11T04:22:37.698Z" },
    { url = "https://files.pythonhosted.org/packages/64/ef/c784e20b96674ed36a5af839305f55616f8b4f8aa8eeccf8531a6e312243/pillow-12.1.1-cp314-cp314t-manylinux_2_27_x86_64.manylinux_2_28_x86_64.whl", hash = "sha256:6408a7b064595afcab0a49393a413732a35788f2a5092fdc6266952ed67de586", size = 7068558, upload-time = "2026-02-11T04:22:39.597Z" },
    { url = "https://files.pythonhosted.org/packages/73/cb/8059688b74422ae61278202c4e1ad992e8a2e7375227be0a21c6b87ca8d5/pillow-12.1.1-cp314-cp314t-musllinux_1_2_aarch64.whl", hash = "sha256:5d8c41325b382c07799a3682c1c258469ea2ff97103c53717b7893862d0c98ce", size = 6493028, upload-time = "2026-02-11T04:22:42.73Z" },
    { url = "https://files.pythonhosted.org/packages/c6/da/e3c008ed7d2dd1f905b15949325934510b9d1931e5df999bb15972756818/pillow-12.1.1-cp314-cp314t-musllinux_1_2_x86_64.whl", hash = "sha256:c7697918b5be27424e9ce568193efd13d925c4481dd364e43f5dff72d33e10f8", size = 7191940, upload-time = "2026-02-11T04:22:44.543Z" },
    { url = "https://files.pythonhosted.org/packages/01/4a/9202e8d11714c1fc5951f2e1ef362f2d7fbc595e1f6717971d5dd750e969/pillow-12.1.1-cp314-cp314t-win32.whl", hash = "sha256:d2912fd8114fc5545aa3a4b5576512f64c55a03f3ebcca4c10194d593d43ea36", size = 6438736, upload-time = "2026-02-11T04:22:46.347Z" },
    { url = "https://files.pythonhosted.org/packages/f3/ca/cbce2327eb9885476b3957b2e82eb12c866a8b16ad77392864ad601022ce/pillow-12.1.1-cp314-cp314t-win_amd64.whl", hash = "sha256:4ceb838d4bd9dab43e06c363cab2eebf63846d6a4aeaea283bbdfd8f1a8ed58b", size = 7182894, upload-time = "2026-02-11T04:22:48.114Z" },
    { url = "https://files.pythonhosted.org/packages/ec/d2/de599c95ba0a973b94410477f8bf0b6f0b5e67360eb89bcb1ad365258beb/pillow-12.1.1-cp314-cp314t-win_arm64.whl", hash = "sha256:7b03048319bfc6170e93bd60728a1af51d3dd7704935feb228c4d4faab35d334", size = 2546446, upload-time = "2026-02-11T04:22:50.342Z" },
]

[[package]]
name = "pycparser"
version = "3.0"
source = { registry = "https://pypi.org/simple" }
sdist = { url = "https://files.pythonhosted.org/packages/1b/7d/92392ff7815c21062bea51aa7b87d45576f649f16458d78b7cf94b9ab2e6/pycparser-3.0.tar.gz", hash = "sha256:600f49d217304a5902ac3c37e1281c9fe94e4d0489de643a9504c5cdfdfc6b29", size = 103492, upload-time = "2026-01-21T14:26:51.89Z" }
wheels = [
    { url = "https://files.pythonhosted.org/packages/0c/c3/44f3fbbfa403ea2a7c779186dc20772604442dde72947e7d01069cbe98e3/pycparser-3.0-py3-none-any.whl", hash = "sha256:b727414169a36b7d524c1c3e31839a521725078d7b2ff038656844266160a992", size = 48172, upload-time = "2026-01-21T14:26:50.693Z" },
]

[[package]]
name = "pydyf"
version = "0.12.1"
source = { registry = "https://pypi.org/simple" }
sdist = { url = "https://files.pythonhosted.org/packages/36/ee/fb410c5c854b6a081a49077912a9765aeffd8e07cbb0663cfda310b01fb4/pydyf-0.12.1.tar.gz", hash = "sha256:fbd7e759541ac725c29c506612003de393249b94310ea78ae44cb1d04b220095", size = 17716, upload-time = "2025-12-02T14:52:14.244Z" }
wheels = [
    { url = "https://files.pythonhosted.org/packages/22/11/47efe2f66ba848a107adfd490b508f5c0cedc82127950553dca44d29e6c4/pydyf-0.12.1-py3-none-any.whl", hash = "sha256:ea25b4e1fe7911195cb57067560daaa266639184e8335365cc3ee5214e7eaadc", size = 8028, upload-time = "2025-12-02T14:52:12.938Z" },
]

[[package]]
name = "pyphen"
version = "0.17.2"
source = { registry = "https://pypi.org/simple" }
sdist = { url = "https://files.pythonhosted.org/packages/69/56/e4d7e1bd70d997713649c5ce530b2d15a5fc2245a74ca820fc2d51d89d4d/pyphen-0.17.2.tar.gz", hash = "sha256:f60647a9c9b30ec6c59910097af82bc5dd2d36576b918e44148d8b07ef3b4aa3", size = 2079470, upload-time = "2025-01-20T13:18:36.296Z" }
wheels = [
    { url = "https://files.pythonhosted.org/packages/7b/1f/c2142d2edf833a90728e5cdeb10bdbdc094dde8dbac078cee0cf33f5e11b/pyphen-0.17.2-py3-none-any.whl", hash = "sha256:3a07fb017cb2341e1d9ff31b8634efb1ae4dc4b130468c7c39dd3d32e7c3affd", size = 2079358, upload-time = "2025-01-20T13:18:29.629Z" },
]

[[package]]
name = "tinycss2"
version = "1.5.1"
source = { registry = "https://pypi.org/simple" }
dependencies = [
    { name = "webencodings" },
]
sdist = { url = "https://files.pythonhosted.org/packages/a3/ae/2ca4913e5c0f09781d75482874c3a95db9105462a92ddd303c7d285d3df2/tinycss2-1.5.1.tar.gz", hash = "sha256:d339d2b616ba90ccce58da8495a78f46e55d4d25f9fd71dfd526f07e7d53f957", size = 88195, upload-time = "2025-11-23T10:29:10.082Z" }
wheels = [
    { url = "https://files.pythonhosted.org/packages/60/45/c7b5c3168458db837e8ceab06dc77824e18202679d0463f0e8f002143a97/tinycss2-1.5.1-py3-none-any.whl", hash = "sha256:3415ba0f5839c062696996998176c4a3751d18b7edaaeeb658c9ce21ec150661", size = 28404, upload-time = "2025-11-23T10:29:08.676Z" },
]

[[package]]
name = "tinyhtml5"
version = "2.0.0"
source = { registry = "https://pypi.org/simple" }
dependencies = [
    { name = "webencodings" },
]
sdist = { url = "https://files.pythonhosted.org/packages/fd/03/6111ed99e9bf7dfa1c30baeef0e0fb7e0bd387bd07f8e5b270776fe1de3f/tinyhtml5-2.0.0.tar.gz", hash = "sha256:086f998833da24c300c414d9fe81d9b368fd04cb9d2596a008421cbc705fcfcc", size = 179507, upload-time = "2024-10-29T15:37:14.078Z" }
wheels = [
    { url = "https://files.pythonhosted.org/packages/5c/de/27c57899297163a4a84104d5cec0af3b1ac5faf62f44667e506373c6b8ce/tinyhtml5-2.0.0-py3-none-any.whl", hash = "sha256:13683277c5b176d070f82d099d977194b7a1e26815b016114f581a74bbfbf47e", size = 39793, upload-time = "2024-10-29T15:37:11.743Z" },
]

[[package]]
name = "weasyprint"
version = "68.1"
source = { registry = "https://pypi.org/simple" }
dependencies = [
    { name = "cffi" },
    { name = "cssselect2" },
    { name = "fonttools", extra = ["woff"] },
    { name = "pillow" },
    { name = "pydyf" },
    { name = "pyphen" },
    { name = "tinycss2" },
    { name = "tinyhtml5" },
]
sdist = { url = "https://files.pythonhosted.org/packages/db/3e/65c0f176e6fb5c2b0a1ac13185b366f727d9723541babfa7fa4309998169/weasyprint-68.1.tar.gz", hash = "sha256:d3b752049b453a5c95edb27ce78d69e9319af5a34f257fa0f4c738c701b4184e", size = 1542379, upload-time = "2026-02-06T15:04:11.203Z" }
wheels = [
    { url = "https://files.pythonhosted.org/packages/dd/dd/14eb73cea481ad8162d3b18a4850d4a84d6e804a22840cca207648532265/weasyprint-68.1-py3-none-any.whl", hash = "sha256:4dc3ba63c68bbbce3e9617cb2226251c372f5ee90a8a484503b1c099da9cf5be", size = 319789, upload-time = "2026-02-06T15:04:09.189Z" },
]

[[package]]
name = "webencodings"
version = "0.5.1"
source = { registry = "https://pypi.org/simple" }
sdist = { url = "https://files.pythonhosted.org/packages/0b/02/ae6ceac1baeda530866a85075641cec12989bd8d31af6d5ab4a3e8c92f47/webencodings-0.5.1.tar.gz", hash = "sha256:b36a1c245f2d304965eb4e0a82848379241dc04b865afcc4aab16748587e1923", size = 9721, upload-time = "2017-04-05T20:21:34.189Z" }
wheels = [
    { url = "https://files.pythonhosted.org/packages/f4/24/2a3e3df732393fed8b3ebf2ec078f05546de641fe1b667ee316ec1dcf3b7/webencodings-0.5.1-py2.py3-none-any.whl", hash = "sha256:a0af1213f3c2226497a97e2b3aa01a7e4bee4f403f95be16fc9acd2947514a78", size = 11774, upload-time = "2017-04-05T20:21:32.581Z" },
]

[[package]]
name = "zopfli"
version = "0.4.1"
source = { registry = "https://pypi.org/simple" }
sdist = { url = "https://files.pythonhosted.org/packages/0a/4d/a8cc1768b2eda3c0c7470bf8059dcb94ef96d45dd91fc6edd29430d44072/zopfli-0.4.1.tar.gz", hash = "sha256:07a5cdc5d1aaa6c288c5d9f5a5383042ba743641abf8e2fd898dcad622d8a38e", size = 179001, upload-time = "2026-02-13T14:17:27.156Z" }
wheels = [
    { url = "https://files.pythonhosted.org/packages/e1/2f/1a7082e9163ae3703b27d571720bf3c954a02a9cf1fdce47c51e70639256/zopfli-0.4.1-cp310-abi3-macosx_10_9_universal2.whl", hash = "sha256:4238d4d746d1095e29c9125490985e0c12ffd3654f54a24af551e2391e936d54", size = 291570, upload-time = "2026-02-13T14:17:12.556Z" },
    { url = "https://files.pythonhosted.org/packages/dd/6f/4a1a88edf9fa0ce102703f38ab4dfb285b7cd2dde5389184264ec759e06e/zopfli-0.4.1-cp310-abi3-manylinux2014_x86_64.manylinux_2_17_x86_64.whl", hash = "sha256:fdfb7ce9f5de37a5b2f75dd2642fd7717956ef2a72e0387302a36d382440db07", size = 829437, upload-time = "2026-02-13T14:17:14.431Z" },
    { url = "https://files.pythonhosted.org/packages/e3/77/d231012ddcaac9d2e184bd7808e106a8a0048855912e2e1c902b3f383413/zopfli-0.4.1-cp310-abi3-manylinux_2_24_aarch64.manylinux_2_28_aarch64.whl", hash = "sha256:d7bcee1b189d64ec33d1e05cfa1b6a1268c29329c382f6ca1bd6245b04925c57", size = 818542, upload-time = "2026-02-13T14:17:16.353Z" },
    { url = "https://files.pythonhosted.org/packages/0d/4e/9b23690c4ca14fbeae2a8f7f6b2006611bf4cd7d5bcb2d9e6c718bd4b0e9/zopfli-0.4.1-cp310-abi3-musllinux_1_2_aarch64.whl", hash = "sha256:27823dc1161a4031d1c25925fd45d9868ec0cbc7692341830a7dcfa25063662c", size = 1778034, upload-time = "2026-02-13T14:17:17.509Z" },
    { url = "https://files.pythonhosted.org/packages/e3/1b/51f7c28d4cde639cac4f5d47ff615548c1d9809f43cbacdd66eba5cd679d/zopfli-0.4.1-cp310-abi3-musllinux_1_2_x86_64.whl", hash = "sha256:5a4c22b6161f47f5bd34637dbaee6735abd287cd64e0d1ce28ef1871bf625f4b", size = 1863957, upload-time = "2026-02-13T14:17:19.259Z" },
    { url = "https://files.pythonhosted.org/packages/ae/4d/1ef17017d38eabe7ae28f18ef0f16d48966cc23a5657e4555fff61704539/zopfli-0.4.1-cp310-abi3-win32.whl", hash = "sha256:a899eca405662a23ae75054affa3517a060362eae1185d3d791c86a50153c4dd", size = 82314, upload-time = "2026-02-13T14:17:20.795Z" },
    { url = "https://files.pythonhosted.org/packages/0f/94/806bc84b389c7d70051d7c9a0179cff52de8b9f8dc2fc25bcf0bca302986/zopfli-0.4.1-cp310-abi3-win_amd64.whl", hash = "sha256:84a31ba9edc921b1d3a4449929394a993888f32d70de3a3617800c428a947b9b", size = 102186, upload-time = "2026-02-13T14:17:21.622Z" },
]
